
Microsoft Visual Studio Solution File, Format Version 12.00
# Visual Studio Version 16
VisualStudioVersion = 16.0.31424.327
MinimumVisualStudioVersion = 10.0.40219.1
Project("{FAE04EC0-301F-11D3-BF4B-00C04F79EFBC}") = "MyFirstProject1", "MyFirstProject1\MyFirstProject1.csproj", "{37FCA0AF-7E25-40D8-9BCF-0F927CE96294}"
EndProject
Global
	GlobalSection(SolutionConfigurationPlatforms) = preSolution
		Debug|Any CPU = Debug|Any CPU
		Release|Any CPU = Release|Any CPU
	EndGlobalSection
	GlobalSection(ProjectConfigurationPlatforms) = postSolution
		{37FCA0AF-7E25-40D8-9BCF-0F927CE96294}.Debug|Any CPU.ActiveCfg = Debug|Any CPU
		{37FCA0AF-7E25-40D8-9BCF-0F927CE96294}.Debug|Any CPU.Build.0 = Debug|Any CPU
		{37FCA0AF-7E25-40D8-9BCF-0F927CE96294}.Release|Any CPU.ActiveCfg = Release|Any CPU
		{37FCA0AF-7E25-40D8-9BCF-0F927CE96294}.Release|Any CPU.Build.0 = Release|Any CPU
	EndGlobalSection
	GlobalSection(SolutionProperties) = preSolution
		HideSolutionNode = FALSE
	EndGlobalSection
	GlobalSection(ExtensibilityGlobals) = postSolution
		SolutionGuid = {7571A5D3-BF0F-4519-80AD-FC7859D1BCBA}
	EndGlobalSection
EndGlobal
